
Microsoft Visual Studio Solution File, Format Version 11.00
# Visual Studio 2010
Project("{FAE04EC0-301F-11D3-BF4B-00C04F79EFBC}") = "laser-fingers", "Assembly-CSharp.csproj", "{AC8708B2-E11C-898C-4EA0-73D9B0D9F86D}"
EndProject
Project("{FAE04EC0-301F-11D3-BF4B-00C04F79EFBC}") = "laser-fingers", "Assembly-CSharp-Editor.csproj", "{77E9D249-F107-488B-9B67-B89887020578}"
EndProject
Global
	GlobalSection(SolutionConfigurationPlatforms) = preSolution
		Debug|Any CPU = Debug|Any CPU
		Release|Any CPU = Release|Any CPU
	EndGlobalSection
	GlobalSection(ProjectConfigurationPlatforms) = postSolution
		{AC8708B2-E11C-898C-4EA0-73D9B0D9F86D}.Debug|Any CPU.ActiveCfg = Debug|Any CPU
		{AC8708B2-E11C-898C-4EA0-73D9B0D9F86D}.Debug|Any CPU.Build.0 = Debug|Any CPU
		{AC8708B2-E11C-898C-4EA0-73D9B0D9F86D}.Release|Any CPU.ActiveCfg = Release|Any CPU
		{AC8708B2-E11C-898C-4EA0-73D9B0D9F86D}.Release|Any CPU.Build.0 = Release|Any CPU
		{77E9D249-F107-488B-9B67-B89887020578}.Debug|Any CPU.ActiveCfg = Debug|Any CPU
		{77E9D249-F107-488B-9B67-B89887020578}.Debug|Any CPU.Build.0 = Debug|Any CPU
		{77E9D249-F107-488B-9B67-B89887020578}.Release|Any CPU.ActiveCfg = Release|Any CPU
		{77E9D249-F107-488B-9B67-B89887020578}.Release|Any CPU.Build.0 = Release|Any CPU
	EndGlobalSection
	GlobalSection(SolutionProperties) = preSolution
		HideSolutionNode = FALSE
	EndGlobalSection
	GlobalSection(MonoDevelopProperties) = preSolution
		StartupItem = Assembly-CSharp.csproj
	EndGlobalSection
EndGlobal
